
Microsoft Visual Studio Solution File, Format Version 12.00
# Visual Studio Version 17
VisualStudioVersion = 17.3.32929.385
MinimumVisualStudioVersion = 10.0.40219.1
Project("{FAE04EC0-301F-11D3-BF4B-00C04F79EFBC}") = "EntityFrameWorkTestDbFirst", "EntityFrameWorkTestDbFirst\EntityFrameWorkTestDbFirst.csproj", "{A63073EA-A811-4B8C-A86E-6E2441998293}"
EndProject
Global
	GlobalSection(SolutionConfigurationPlatforms) = preSolution
		Debug|Any CPU = Debug|Any CPU
		Release|Any CPU = Release|Any CPU
	EndGlobalSection
	GlobalSection(ProjectConfigurationPlatforms) = postSolution
		{A63073EA-A811-4B8C-A86E-6E2441998293}.Debug|Any CPU.ActiveCfg = Debug|Any CPU
		{A63073EA-A811-4B8C-A86E-6E2441998293}.Debug|Any CPU.Build.0 = Debug|Any CPU
		{A63073EA-A811-4B8C-A86E-6E2441998293}.Release|Any CPU.ActiveCfg = Release|Any CPU
		{A63073EA-A811-4B8C-A86E-6E2441998293}.Release|Any CPU.Build.0 = Release|Any CPU
	EndGlobalSection
	GlobalSection(SolutionProperties) = preSolution
		HideSolutionNode = FALSE
	EndGlobalSection
	GlobalSection(ExtensibilityGlobals) = postSolution
		SolutionGuid = {9C243AD3-2D7A-4BFA-90EC-727A391B36DC}
	EndGlobalSection
EndGlobal
